GEM
  remote: https://rubygems.org/
  specs:
    base64 (0.3.0)
    colorize (1.1.0)
    connection_pool (2.5.5)
    logger (1.7.0)
    rack (3.2.4)
    redis-client (0.26.3)
      connection_pool
    rexml (3.4.4)
    sidekiq (7.3.10)
      base64
      connection_pool (>= 2.3.0, < 3)
      logger
      rack (>= 2.2.4, < 3.3)
      redis-client (>= 0.23.0, < 1)

PLATFORMS
  ruby

DEPENDENCIES
  colorize (~> 1.1)
  rexml (~> 3.4)
  sidekiq (~> 7.3)

BUNDLED WITH
   2.6.9
